
Microsoft Visual Studio Solution File, Format Version 12.00
# Visual Studio Version 16
VisualStudioVersion = 16.0.30907.101
MinimumVisualStudioVersion = 10.0.40219.1
Project("{9A19103F-16F7-4668-BE54-9A1E7A4F7556}") = "LearningSignalR", "LearningSignalR\LearningSignalR.csproj", "{AA8547EF-65B4-42AD-8EE4-3B665A4E9BAD}"
EndProject
Project("{9A19103F-16F7-4668-BE54-9A1E7A4F7556}") = "SignalRClient", "SignalRClient\SignalRClient.csproj", "{E72475CF-82D6-4F7F-AEA6-639E873EF478}"
EndProject
Project("{9A19103F-16F7-4668-BE54-9A1E7A4F7556}") = "WebSocketsClient", "WebSocketsClient\WebSocketsClient.csproj", "{3EB1E06A-F8C1-46BD-B324-70B25F5220AD}"
EndProject
Project("{9A19103F-16F7-4668-BE54-9A1E7A4F7556}") = "BlazorClient", "BlazorClient\BlazorClient.csproj", "{2A274F0F-070F-457B-87CD-4E72B4042FEB}"
EndProject
Global
	GlobalSection(SolutionConfigurationPlatforms) = preSolution
		Debug|Any CPU = Debug|Any CPU
		Release|Any CPU = Release|Any CPU
	EndGlobalSection
	GlobalSection(ProjectConfigurationPlatforms) = postSolution
		{AA8547EF-65B4-42AD-8EE4-3B665A4E9BAD}.Debug|Any CPU.ActiveCfg = Debug|Any CPU
		{AA8547EF-65B4-42AD-8EE4-3B665A4E9BAD}.Debug|Any CPU.Build.0 = Debug|Any CPU
		{AA8547EF-65B4-42AD-8EE4-3B665A4E9BAD}.Release|Any CPU.ActiveCfg = Release|Any CPU
		{AA8547EF-65B4-42AD-8EE4-3B665A4E9BAD}.Release|Any CPU.Build.0 = Release|Any CPU
		{E72475CF-82D6-4F7F-AEA6-639E873EF478}.Debug|Any CPU.ActiveCfg = Debug|Any CPU
		{E72475CF-82D6-4F7F-AEA6-639E873EF478}.Debug|Any CPU.Build.0 = Debug|Any CPU
		{E72475CF-82D6-4F7F-AEA6-639E873EF478}.Release|Any CPU.ActiveCfg = Release|Any CPU
		{E72475CF-82D6-4F7F-AEA6-639E873EF478}.Release|Any CPU.Build.0 = Release|Any CPU
		{3EB1E06A-F8C1-46BD-B324-70B25F5220AD}.Debug|Any CPU.ActiveCfg = Debug|Any CPU
		{3EB1E06A-F8C1-46BD-B324-70B25F5220AD}.Debug|Any CPU.Build.0 = Debug|Any CPU
		{3EB1E06A-F8C1-46BD-B324-70B25F5220AD}.Release|Any CPU.ActiveCfg = Release|Any CPU
		{3EB1E06A-F8C1-46BD-B324-70B25F5220AD}.Release|Any CPU.Build.0 = Release|Any CPU
		{2A274F0F-070F-457B-87CD-4E72B4042FEB}.Debug|Any CPU.ActiveCfg = Debug|Any CPU
		{2A274F0F-070F-457B-87CD-4E72B4042FEB}.Debug|Any CPU.Build.0 = Debug|Any CPU
		{2A274F0F-070F-457B-87CD-4E72B4042FEB}.Release|Any CPU.ActiveCfg = Release|Any CPU
		{2A274F0F-070F-457B-87CD-4E72B4042FEB}.Release|Any CPU.Build.0 = Release|Any CPU
	EndGlobalSection
	GlobalSection(SolutionProperties) = preSolution
		HideSolutionNode = FALSE
	EndGlobalSection
	GlobalSection(ExtensibilityGlobals) = postSolution
		SolutionGuid = {B19C8DDC-B4D2-4C5C-A999-610205FFBE0A}
	EndGlobalSection
EndGlobal
