
Microsoft Visual Studio Solution File, Format Version 12.00
# Visual Studio Version 16
VisualStudioVersion = 16.0.30907.101
MinimumVisualStudioVersion = 10.0.40219.1
Project("{9A19103F-16F7-4668-BE54-9A1E7A4F7556}") = "LearningSignalR", "LearningSignalR\LearningSignalR.csproj", "{AA8547EF-65B4-42AD-8EE4-3B665A4E9BAD}"
EndProject
Project("{9A19103F-16F7-4668-BE54-9A1E7A4F7556}") = "SignalRClient", "SignalRClient\SignalRClient.csproj", "{E72475CF-82D6-4F7F-AEA6-639E873EF478}"
EndProject
Project("{FAE04EC0-301F-11D3-BF4B-00C04F79EFBC}") = "BlazorClient", "BlazorClient\BlazorClient.csproj", "{BCB1FBD2-195D-4485-AE2B-685F856E891F}"
EndProject
Global
	GlobalSection(SolutionConfigurationPlatforms) = preSolution
		Debug|Any CPU = Debug|Any CPU
		Release|Any CPU = Release|Any CPU
	EndGlobalSection
	GlobalSection(ProjectConfigurationPlatforms) = postSolution
		{AA8547EF-65B4-42AD-8EE4-3B665A4E9BAD}.Debug|Any CPU.ActiveCfg = Debug|Any CPU
		{AA8547EF-65B4-42AD-8EE4-3B665A4E9BAD}.Debug|Any CPU.Build.0 = Debug|Any CPU
		{AA8547EF-65B4-42AD-8EE4-3B665A4E9BAD}.Release|Any CPU.ActiveCfg = Release|Any CPU
		{AA8547EF-65B4-42AD-8EE4-3B665A4E9BAD}.Release|Any CPU.Build.0 = Release|Any CPU
		{E72475CF-82D6-4F7F-AEA6-639E873EF478}.Debug|Any CPU.ActiveCfg = Debug|Any CPU
		{E72475CF-82D6-4F7F-AEA6-639E873EF478}.Debug|Any CPU.Build.0 = Debug|Any CPU
		{E72475CF-82D6-4F7F-AEA6-639E873EF478}.Release|Any CPU.ActiveCfg = Release|Any CPU
		{E72475CF-82D6-4F7F-AEA6-639E873EF478}.Release|Any CPU.Build.0 = Release|Any CPU
		{BCB1FBD2-195D-4485-AE2B-685F856E891F}.Debug|Any CPU.ActiveCfg = Debug|Any CPU
		{BCB1FBD2-195D-4485-AE2B-685F856E891F}.Debug|Any CPU.Build.0 = Debug|Any CPU
		{BCB1FBD2-195D-4485-AE2B-685F856E891F}.Release|Any CPU.ActiveCfg = Release|Any CPU
		{BCB1FBD2-195D-4485-AE2B-685F856E891F}.Release|Any CPU.Build.0 = Release|Any CPU
	EndGlobalSection
	GlobalSection(SolutionProperties) = preSolution
		HideSolutionNode = FALSE
	EndGlobalSection
	GlobalSection(ExtensibilityGlobals) = postSolution
		SolutionGuid = {B19C8DDC-B4D2-4C5C-A999-610205FFBE0A}
	EndGlobalSection
EndGlobal
